
Microsoft Visual Studio Solution File, Format Version 12.00
# Visual Studio Version 16
VisualStudioVersion = 16.0.29123.89
MinimumVisualStudioVersion = 10.0.40219.1
Project("{9A19103F-16F7-4668-BE54-9A1E7A4F7556}") = "naopro", "naopro\naopro.csproj", "{B97FF600-8842-4514-9A0E-82B44DC6CE01}"
EndProject
Project("{2150E333-8FDC-42A3-9474-1A3956D46DE8}") = "Solution Items", "Solution Items", "{B2598880-7F6F-43E8-9AEB-A0B48C924414}"
	ProjectSection(SolutionItems) = preProject
		readme.txt = readme.txt
	EndProjectSection
EndProject
Project("{9A19103F-16F7-4668-BE54-9A1E7A4F7556}") = "WebApp", "WebApp\WebApp.csproj", "{F55CF3F6-6C6C-4F69-91F0-9DC62B66A26F}"
EndProject
Project("{E24C65DC-7377-472B-9ABA-BC803B73C61A}") = "foucher.net", "foucher.net\", "{C6CD5BEB-1FAB-4CB6-B79E-30995B928471}"
	ProjectSection(WebsiteProperties) = preProject
		TargetFrameworkMoniker = ".NETFramework,Version%3Dv4.0"
		Debug.AspNetCompiler.VirtualPath = "/localhost_19173"
		Debug.AspNetCompiler.PhysicalPath = "foucher.net\"
		Debug.AspNetCompiler.TargetPath = "PrecompiledWeb\localhost_19173\"
		Debug.AspNetCompiler.Updateable = "true"
		Debug.AspNetCompiler.ForceOverwrite = "true"
		Debug.AspNetCompiler.FixedNames = "false"
		Debug.AspNetCompiler.Debug = "True"
		Release.AspNetCompiler.VirtualPath = "/localhost_19173"
		Release.AspNetCompiler.PhysicalPath = "foucher.net\"
		Release.AspNetCompiler.TargetPath = "PrecompiledWeb\localhost_19173\"
		Release.AspNetCompiler.Updateable = "true"
		Release.AspNetCompiler.ForceOverwrite = "true"
		Release.AspNetCompiler.FixedNames = "false"
		Release.AspNetCompiler.Debug = "False"
		VWDPort = "19173"
		SlnRelativePath = "foucher.net\"
	EndProjectSection
EndProject
Project("{E24C65DC-7377-472B-9ABA-BC803B73C61A}") = "guibout-ravalement.fr", "guibout-ravalement.fr\", "{56095230-EFA0-44AC-B038-67DD08197AF2}"
	ProjectSection(WebsiteProperties) = preProject
		TargetFrameworkMoniker = ".NETFramework,Version%3Dv4.0"
		Debug.AspNetCompiler.VirtualPath = "/localhost_13365"
		Debug.AspNetCompiler.PhysicalPath = "guibout-ravalement.fr\"
		Debug.AspNetCompiler.TargetPath = "PrecompiledWeb\localhost_13365\"
		Debug.AspNetCompiler.Updateable = "true"
		Debug.AspNetCompiler.ForceOverwrite = "true"
		Debug.AspNetCompiler.FixedNames = "false"
		Debug.AspNetCompiler.Debug = "True"
		Release.AspNetCompiler.VirtualPath = "/localhost_13365"
		Release.AspNetCompiler.PhysicalPath = "guibout-ravalement.fr\"
		Release.AspNetCompiler.TargetPath = "PrecompiledWeb\localhost_13365\"
		Release.AspNetCompiler.Updateable = "true"
		Release.AspNetCompiler.ForceOverwrite = "true"
		Release.AspNetCompiler.FixedNames = "false"
		Release.AspNetCompiler.Debug = "False"
		VWDPort = "13365"
		SlnRelativePath = "guibout-ravalement.fr\"
	EndProjectSection
EndProject
Global
	GlobalSection(SolutionConfigurationPlatforms) = preSolution
		Debug|Any CPU = Debug|Any CPU
		Release|Any CPU = Release|Any CPU
	EndGlobalSection
	GlobalSection(ProjectConfigurationPlatforms) = postSolution
		{B97FF600-8842-4514-9A0E-82B44DC6CE01}.Debug|Any CPU.ActiveCfg = Debug|Any CPU
		{B97FF600-8842-4514-9A0E-82B44DC6CE01}.Debug|Any CPU.Build.0 = Debug|Any CPU
		{B97FF600-8842-4514-9A0E-82B44DC6CE01}.Release|Any CPU.ActiveCfg = Release|Any CPU
		{B97FF600-8842-4514-9A0E-82B44DC6CE01}.Release|Any CPU.Build.0 = Release|Any CPU
		{F55CF3F6-6C6C-4F69-91F0-9DC62B66A26F}.Debug|Any CPU.ActiveCfg = Debug|Any CPU
		{F55CF3F6-6C6C-4F69-91F0-9DC62B66A26F}.Debug|Any CPU.Build.0 = Debug|Any CPU
		{F55CF3F6-6C6C-4F69-91F0-9DC62B66A26F}.Release|Any CPU.ActiveCfg = Release|Any CPU
		{F55CF3F6-6C6C-4F69-91F0-9DC62B66A26F}.Release|Any CPU.Build.0 = Release|Any CPU
		{C6CD5BEB-1FAB-4CB6-B79E-30995B928471}.Debug|Any CPU.ActiveCfg = Debug|Any CPU
		{C6CD5BEB-1FAB-4CB6-B79E-30995B928471}.Debug|Any CPU.Build.0 = Debug|Any CPU
		{C6CD5BEB-1FAB-4CB6-B79E-30995B928471}.Release|Any CPU.ActiveCfg = Debug|Any CPU
		{C6CD5BEB-1FAB-4CB6-B79E-30995B928471}.Release|Any CPU.Build.0 = Debug|Any CPU
		{56095230-EFA0-44AC-B038-67DD08197AF2}.Debug|Any CPU.ActiveCfg = Debug|Any CPU
		{56095230-EFA0-44AC-B038-67DD08197AF2}.Debug|Any CPU.Build.0 = Debug|Any CPU
		{56095230-EFA0-44AC-B038-67DD08197AF2}.Release|Any CPU.ActiveCfg = Debug|Any CPU
		{56095230-EFA0-44AC-B038-67DD08197AF2}.Release|Any CPU.Build.0 = Debug|Any CPU
	EndGlobalSection
	GlobalSection(SolutionProperties) = preSolution
		HideSolutionNode = FALSE
	EndGlobalSection
	GlobalSection(ExtensibilityGlobals) = postSolution
		SolutionGuid = {B9515511-8120-456A-9DC3-E013F40C1356}
	EndGlobalSection
EndGlobal
